
Microsoft Visual Studio Solution File, Format Version 12.00
# Visual Studio Version 17
VisualStudioVersion = 17.8.34525.116
MinimumVisualStudioVersion = 10.0.40219.1
Project("{2150E333-8FDC-42A3-9474-1A3956D46DE8}") = "src", "src", "{A655E612-4EFA-4A26-BF01-1D534EE8DA68}"
EndProject
Project("{2150E333-8FDC-42A3-9474-1A3956D46DE8}") = "tests", "tests", "{E9F886C6-A9D7-45FA-85ED-B3F4F7C1A1B0}"
EndProject
Project("{2150E333-8FDC-42A3-9474-1A3956D46DE8}") = "Backend", "Backend", "{FB58C538-4815-40C8-93BB-F9B88BB4EDBF}"
EndProject
Project("{2150E333-8FDC-42A3-9474-1A3956D46DE8}") = "Shared", "Shared", "{898C190F-CB83-451B-B1D8-C7FD5EEA5160}"
EndProject
Project("{9A19103F-16F7-4668-BE54-9A1E7A4F7556}") = "MinhasReceitas.API", "src\Backend\MinhasReceitas.API\MinhasReceitas.API.csproj", "{42B11593-F4D3-4F8D-B209-755F08EC5604}"
EndProject
Project("{9A19103F-16F7-4668-BE54-9A1E7A4F7556}") = "MinhasReceitas.Application", "src\Backend\MinhasReceitas.Application\MinhasReceitas.Application.csproj", "{D34D5265-47BD-4B44-8BDC-0DDBBA2182E1}"
EndProject
Project("{9A19103F-16F7-4668-BE54-9A1E7A4F7556}") = "MinhasReceitas.Domain", "src\Backend\MinhasReceitas.Domain\MinhasReceitas.Domain.csproj", "{7239322D-5A97-44DA-8B18-932411CE375F}"
EndProject
Project("{9A19103F-16F7-4668-BE54-9A1E7A4F7556}") = "MinhasReceitas.Infra", "src\Backend\MinhasReceitas.Infra\MinhasReceitas.Infra.csproj", "{9E65A9BC-E9D1-410F-950D-7203483DD246}"
EndProject
Project("{9A19103F-16F7-4668-BE54-9A1E7A4F7556}") = "MinhasReceitas.Communication", "src\Shared\MinhasReceitas.Communication\MinhasReceitas.Communication.csproj", "{C546B8F1-4286-456A-BB10-E8D829847226}"
EndProject
Project("{9A19103F-16F7-4668-BE54-9A1E7A4F7556}") = "MinhasReceitas.Exceptions", "src\Shared\MinhasReceitas.Exceptions\MinhasReceitas.Exceptions.csproj", "{8F06180A-E997-4F10-A5B6-1624E3946EE6}"
EndProject
Global
	GlobalSection(SolutionConfigurationPlatforms) = preSolution
		Debug|Any CPU = Debug|Any CPU
		Release|Any CPU = Release|Any CPU
	EndGlobalSection
	GlobalSection(ProjectConfigurationPlatforms) = postSolution
		{42B11593-F4D3-4F8D-B209-755F08EC5604}.Debug|Any CPU.ActiveCfg = Debug|Any CPU
		{42B11593-F4D3-4F8D-B209-755F08EC5604}.Debug|Any CPU.Build.0 = Debug|Any CPU
		{42B11593-F4D3-4F8D-B209-755F08EC5604}.Release|Any CPU.ActiveCfg = Release|Any CPU
		{42B11593-F4D3-4F8D-B209-755F08EC5604}.Release|Any CPU.Build.0 = Release|Any CPU
		{D34D5265-47BD-4B44-8BDC-0DDBBA2182E1}.Debug|Any CPU.ActiveCfg = Debug|Any CPU
		{D34D5265-47BD-4B44-8BDC-0DDBBA2182E1}.Debug|Any CPU.Build.0 = Debug|Any CPU
		{D34D5265-47BD-4B44-8BDC-0DDBBA2182E1}.Release|Any CPU.ActiveCfg = Release|Any CPU
		{D34D5265-47BD-4B44-8BDC-0DDBBA2182E1}.Release|Any CPU.Build.0 = Release|Any CPU
		{7239322D-5A97-44DA-8B18-932411CE375F}.Debug|Any CPU.ActiveCfg = Debug|Any CPU
		{7239322D-5A97-44DA-8B18-932411CE375F}.Debug|Any CPU.Build.0 = Debug|Any CPU
		{7239322D-5A97-44DA-8B18-932411CE375F}.Release|Any CPU.ActiveCfg = Release|Any CPU
		{7239322D-5A97-44DA-8B18-932411CE375F}.Release|Any CPU.Build.0 = Release|Any CPU
		{9E65A9BC-E9D1-410F-950D-7203483DD246}.Debug|Any CPU.ActiveCfg = Debug|Any CPU
		{9E65A9BC-E9D1-410F-950D-7203483DD246}.Debug|Any CPU.Build.0 = Debug|Any CPU
		{9E65A9BC-E9D1-410F-950D-7203483DD246}.Release|Any CPU.ActiveCfg = Release|Any CPU
		{9E65A9BC-E9D1-410F-950D-7203483DD246}.Release|Any CPU.Build.0 = Release|Any CPU
		{C546B8F1-4286-456A-BB10-E8D829847226}.Debug|Any CPU.ActiveCfg = Debug|Any CPU
		{C546B8F1-4286-456A-BB10-E8D829847226}.Debug|Any CPU.Build.0 = Debug|Any CPU
		{C546B8F1-4286-456A-BB10-E8D829847226}.Release|Any CPU.ActiveCfg = Release|Any CPU
		{C546B8F1-4286-456A-BB10-E8D829847226}.Release|Any CPU.Build.0 = Release|Any CPU
		{8F06180A-E997-4F10-A5B6-1624E3946EE6}.Debug|Any CPU.ActiveCfg = Debug|Any CPU
		{8F06180A-E997-4F10-A5B6-1624E3946EE6}.Debug|Any CPU.Build.0 = Debug|Any CPU
		{8F06180A-E997-4F10-A5B6-1624E3946EE6}.Release|Any CPU.ActiveCfg = Release|Any CPU
		{8F06180A-E997-4F10-A5B6-1624E3946EE6}.Release|Any CPU.Build.0 = Release|Any CPU
	EndGlobalSection
	GlobalSection(SolutionProperties) = preSolution
		HideSolutionNode = FALSE
	EndGlobalSection
	GlobalSection(NestedProjects) = preSolution
		{FB58C538-4815-40C8-93BB-F9B88BB4EDBF} = {A655E612-4EFA-4A26-BF01-1D534EE8DA68}
		{898C190F-CB83-451B-B1D8-C7FD5EEA5160} = {A655E612-4EFA-4A26-BF01-1D534EE8DA68}
		{42B11593-F4D3-4F8D-B209-755F08EC5604} = {FB58C538-4815-40C8-93BB-F9B88BB4EDBF}
		{D34D5265-47BD-4B44-8BDC-0DDBBA2182E1} = {FB58C538-4815-40C8-93BB-F9B88BB4EDBF}
		{7239322D-5A97-44DA-8B18-932411CE375F} = {FB58C538-4815-40C8-93BB-F9B88BB4EDBF}
		{9E65A9BC-E9D1-410F-950D-7203483DD246} = {FB58C538-4815-40C8-93BB-F9B88BB4EDBF}
		{C546B8F1-4286-456A-BB10-E8D829847226} = {898C190F-CB83-451B-B1D8-C7FD5EEA5160}
		{8F06180A-E997-4F10-A5B6-1624E3946EE6} = {898C190F-CB83-451B-B1D8-C7FD5EEA5160}
	EndGlobalSection
	GlobalSection(ExtensibilityGlobals) = postSolution
		SolutionGuid = {5491F788-08D9-4CF4-AFBA-C0E344416A2F}
	EndGlobalSection
EndGlobal
